
Microsoft Visual Studio Solution File, Format Version 12.00
# Visual Studio Version 16
VisualStudioVersion = 16.0.31613.86
MinimumVisualStudioVersion = 10.0.40219.1
Project("{FAE04EC0-301F-11D3-BF4B-00C04F79EFBC}") = "StudentsInfoApp", "StudentsInfoApp.csproj", "{5938F2CF-DA45-404F-BFF2-E313CEB37A43}"
EndProject
Global
	GlobalSection(SolutionConfigurationPlatforms) = preSolution
		Debug|Any CPU = Debug|Any CPU
		Release|Any CPU = Release|Any CPU
	EndGlobalSection
	GlobalSection(ProjectConfigurationPlatforms) = postSolution
		{5938F2CF-DA45-404F-BFF2-E313CEB37A43}.Debug|Any CPU.ActiveCfg = Debug|Any CPU
		{5938F2CF-DA45-404F-BFF2-E313CEB37A43}.Debug|Any CPU.Build.0 = Debug|Any CPU
		{5938F2CF-DA45-404F-BFF2-E313CEB37A43}.Release|Any CPU.ActiveCfg = Release|Any CPU
		{5938F2CF-DA45-404F-BFF2-E313CEB37A43}.Release|Any CPU.Build.0 = Release|Any CPU
	EndGlobalSection
	GlobalSection(SolutionProperties) = preSolution
		HideSolutionNode = FALSE
	EndGlobalSection
	GlobalSection(ExtensibilityGlobals) = postSolution
		SolutionGuid = {B055BCAA-99DB-4E42-88A9-E00622A17B9A}
	EndGlobalSection
EndGlobal
